
Microsoft Visual Studio Solution File, Format Version 12.00
# Visual Studio Version 17
VisualStudioVersion = 17.7.34031.279
MinimumVisualStudioVersion = 10.0.40219.1
Project("{6870E480-7721-4708-BFB8-9AE898AA21B3}") = "demos_ssas_2022", "demos_ssas_2022\demos_ssas_2022.smproj", "{29EC293F-5CBF-4D82-99AB-371FD895BF04}"
EndProject
Project("{6870E480-7721-4708-BFB8-9AE898AA21B3}") = "demos_ssas_2019", "demos_ssas_2019\demos_ssas_2019.smproj", "{8CE414BB-95B2-4C99-9E03-51BA72086E22}"
EndProject
Project("{6870E480-7721-4708-BFB8-9AE898AA21B3}") = "demos_ssas_2019_demo09", "demos_ssas_2019_demo09\demos_ssas_2019_demo09.smproj", "{1C551DAC-D7AE-4998-AB33-32BE1F5EFDBE}"
EndProject
Global
	GlobalSection(SolutionConfigurationPlatforms) = preSolution
		Development|x86 = Development|x86
	EndGlobalSection
	GlobalSection(ProjectConfigurationPlatforms) = postSolution
		{29EC293F-5CBF-4D82-99AB-371FD895BF04}.Development|x86.ActiveCfg = Development|x86
		{29EC293F-5CBF-4D82-99AB-371FD895BF04}.Development|x86.Build.0 = Development|x86
		{29EC293F-5CBF-4D82-99AB-371FD895BF04}.Development|x86.Deploy.0 = Development|x86
		{8CE414BB-95B2-4C99-9E03-51BA72086E22}.Development|x86.ActiveCfg = Development|x86
		{8CE414BB-95B2-4C99-9E03-51BA72086E22}.Development|x86.Build.0 = Development|x86
		{8CE414BB-95B2-4C99-9E03-51BA72086E22}.Development|x86.Deploy.0 = Development|x86
		{1C551DAC-D7AE-4998-AB33-32BE1F5EFDBE}.Development|x86.ActiveCfg = Development|x86
		{1C551DAC-D7AE-4998-AB33-32BE1F5EFDBE}.Development|x86.Build.0 = Development|x86
		{1C551DAC-D7AE-4998-AB33-32BE1F5EFDBE}.Development|x86.Deploy.0 = Development|x86
	EndGlobalSection
	GlobalSection(SolutionProperties) = preSolution
		HideSolutionNode = FALSE
	EndGlobalSection
	GlobalSection(ExtensibilityGlobals) = postSolution
		SolutionGuid = {2E2D4F88-D07C-41D7-8DD2-7C913732BD97}
	EndGlobalSection
EndGlobal
